{
  "name": "contarletraspalabrasvazquezpmarcos",
  "version": "1.0.1",
  "lockfileVersion": 2,
  "requires": true,
  "packages": {
    "": {
      "name": "contarletraspalabrasvazquezpmarcos",
      "version": "1.0.1",
      "license": "ISC",
      "dependencies": {
        "contarletraspalabrasvazquezpmarcos": "^1.0.1"
      }
    },
    "node_modules/contarletraspalabrasvazquezpmarcos": {
      "version": "1.0.1",
      "resolved": "https://registry.npmjs.org/contarletraspalabrasvazquezpmarcos/-/contarletraspalabrasvazquezpmarcos-1.0.1.tgz",
      "integrity": "sha512-fvaY6Grkb1H4Qa6Lh+x1DQKkX9NraCPQlBNKF/gyrqZezsKiNsTSfpYt06ZA6emP1v7N7Lg2dbFQeDG4n5geVQ=="
    }
  },
  "dependencies": {
    "contarletraspalabrasvazquezpmarcos": {
      "version": "1.0.1",
      "resolved": "https://registry.npmjs.org/contarletraspalabrasvazquezpmarcos/-/contarletraspalabrasvazquezpmarcos-1.0.1.tgz",
      "integrity": "sha512-fvaY6Grkb1H4Qa6Lh+x1DQKkX9NraCPQlBNKF/gyrqZezsKiNsTSfpYt06ZA6emP1v7N7Lg2dbFQeDG4n5geVQ=="
    }
  }
}
